// !$*UTF8*$!
{
	archiveVersion = 1;
	classes = {
	};
	objectVersion = 46;
	objects = {

/* Begin PBXBuildFile section */
		1464BB92197C415A00C8311E /* mjRotation.c in Sources */ = {isa = PBXBuildFile; fileRef = 1464BB91197C415A00C8311E /* mjRotation.c */; };
/* End PBXBuildFile section */

/* Begin PBXFileReference section */
		1464BB8A197C414B00C8311E /* mjRotation.d_fat */ = {isa = PBXFileReference; explicitFileType = "compiled.mach-o.dylib"; includeInIndex = 0; path = mjRotation.d_fat; sourceTree = BUILT_PRODUCTS_DIR; };
		1464BB91197C415A00C8311E /* mjRotation.c */ = {isa = PBXFileReference; fileEncoding = 4; lastKnownFileType = sourcecode.c.c; path = mjRotation.c; sourceTree = "<group>"; };
		1464BC09197C41C200C8311E /* src.xcodeproj */ = {isa = PBXFileReference; lastKnownFileType = "wrapper.pb-project"; name = src.xcodeproj; path = src/src.xcodeproj; sourceTree = "<group>"; };
/* End PBXFileReference section */

/* Begin PBXFrameworksBuildPhase section */
		1464BB87197C414B00C8311E /* Frameworks */ = {
			isa = PBXFrameworksBuildPhase;
			buildActionMask = 2147483647;
			files = (
			);
			runOnlyForDeploymentPostprocessing = 0;
		};
/* End PBXFrameworksBuildPhase section */

/* Begin PBXGroup section */
		1464BB81197C414B00C8311E = {
			isa = PBXGroup;
			children = (
				1464BB91197C415A00C8311E /* mjRotation.c */,
				1464BB8B197C414B00C8311E /* Products */,
				1464BC09197C41C200C8311E /* src.xcodeproj */,
			);
			sourceTree = "<group>";
		};
		1464BB8B197C414B00C8311E /* Products */ = {
			isa = PBXGroup;
			children = (
				1464BB8A197C414B00C8311E /* mjRotation.d_fat */,
			);
			name = Products;
			sourceTree = "<group>";
		};
		1464BC0A197C41C200C8311E /* Products */ = {
			isa = PBXGroup;
			children = (
			);
			name = Products;
			sourceTree = "<group>";
		};
/* End PBXGroup section */

/* Begin PBXHeadersBuildPhase section */
		1464BB88197C414B00C8311E /* Headers */ = {
			isa = PBXHeadersBuildPhase;
			buildActionMask = 2147483647;
			files = (
			);
			runOnlyForDeploymentPostprocessing = 0;
		};
/* End PBXHeadersBuildPhase section */

/* Begin PBXNativeTarget section */
		1464BB89197C414B00C8311E /* mjRotation */ = {
			isa = PBXNativeTarget;
			buildConfigurationList = 1464BB8E197C414B00C8311E /* Build configuration list for PBXNativeTarget "mjRotation" */;
			buildPhases = (
				1464BB86197C414B00C8311E /* Sources */,
				1464BB87197C414B00C8311E /* Frameworks */,
				1464BB88197C414B00C8311E /* Headers */,
			);
			buildRules = (
			);
			dependencies = (
			);
			name = mjRotation;
			productName = mjspiral;
			productReference = 1464BB8A197C414B00C8311E /* mjRotation.d_fat */;
			productType = "com.apple.product-type.library.dynamic";
		};
/* End PBXNativeTarget section */

/* Begin PBXProject section */
		1464BB82197C414B00C8311E /* Project object */ = {
			isa = PBXProject;
			attributes = {
				LastUpgradeCheck = 0510;
				ORGANIZATIONNAME = com.martinjaroszewicz;
			};
			buildConfigurationList = 1464BB85197C414B00C8311E /* Build configuration list for PBXProject "mjRotation" */;
			compatibilityVersion = "Xcode 3.2";
			developmentRegion = English;
			hasScannedForEncodings = 0;
			knownRegions = (
				en,
			);
			mainGroup = 1464BB81197C414B00C8311E;
			productRefGroup = 1464BB8B197C414B00C8311E /* Products */;
			projectDirPath = "";
			projectReferences = (
				{
					ProductGroup = 1464BC0A197C41C200C8311E /* Products */;
					ProjectRef = 1464BC09197C41C200C8311E /* src.xcodeproj */;
				},
			);
			projectRoot = "";
			targets = (
				1464BB89197C414B00C8311E /* mjRotation */,
			);
		};
/* End PBXProject section */

/* Begin PBXSourcesBuildPhase section */
		1464BB86197C414B00C8311E /* Sources */ = {
			isa = PBXSourcesBuildPhase;
			buildActionMask = 2147483647;
			files = (
				1464BB92197C415A00C8311E /* mjRotation.c in Sources */,
			);
			runOnlyForDeploymentPostprocessing = 0;
		};
/* End PBXSourcesBuildPhase section */

/* Begin XCBuildConfiguration section */
		1464BB8C197C414B00C8311E /* Debug */ = {
			isa = XCBuildConfiguration;
			buildSettings = {
				ALWAYS_SEARCH_USER_PATHS = NO;
				CLANG_CXX_LANGUAGE_STANDARD = "gnu++0x";
				CLANG_CXX_LIBRARY = "libc++";
				CLANG_ENABLE_MODULES = YES;
				CLANG_ENABLE_OBJC_ARC = YES;
				CLANG_WARN_BOOL_CONVERSION = YES;
				CLANG_WARN_CONSTANT_CONVERSION = YES;
				CLANG_WARN_DIRECT_OBJC_ISA_USAGE = YES_ERROR;
				CLANG_WARN_EMPTY_BODY = YES;
				CLANG_WARN_ENUM_CONVERSION = YES;
				CLANG_WARN_INT_CONVERSION = YES;
				CLANG_WARN_OBJC_ROOT_CLASS = YES_ERROR;
				CLANG_WARN__DUPLICATE_METHOD_MATCH = YES;
				COPY_PHASE_STRIP = NO;
				GCC_C_LANGUAGE_STANDARD = gnu99;
				GCC_DYNAMIC_NO_PIC = NO;
				GCC_ENABLE_OBJC_EXCEPTIONS = YES;
				GCC_OPTIMIZATION_LEVEL = 0;
				GCC_PREPROCESSOR_DEFINITIONS = (
					"DEBUG=1",
					"$(inherited)",
				);
				GCC_SYMBOLS_PRIVATE_EXTERN = NO;
				GCC_WARN_64_TO_32_BIT_CONVERSION = YES;
				GCC_WARN_ABOUT_RETURN_TYPE = YES_ERROR;
				GCC_WARN_UNDECLARED_SELECTOR = YES;
				GCC_WARN_UNINITIALIZED_AUTOS = YES_AGGRESSIVE;
				GCC_WARN_UNUSED_FUNCTION = YES;
				GCC_WARN_UNUSED_VARIABLE = YES;
				MACOSX_DEPLOYMENT_TARGET = 10.8;
				ONLY_ACTIVE_ARCH = YES;
				SDKROOT = macosx;
			};
			name = Debug;
		};
		1464BB8D197C414B00C8311E /* Release */ = {
			isa = XCBuildConfiguration;
			buildSettings = {
				ALWAYS_SEARCH_USER_PATHS = NO;
				CLANG_CXX_LANGUAGE_STANDARD = "gnu++0x";
				CLANG_CXX_LIBRARY = "libc++";
				CLANG_ENABLE_MODULES = YES;
				CLANG_ENABLE_OBJC_ARC = YES;
				CLANG_WARN_BOOL_CONVERSION = YES;
				CLANG_WARN_CONSTANT_CONVERSION = YES;
				CLANG_WARN_DIRECT_OBJC_ISA_USAGE = YES_ERROR;
				CLANG_WARN_EMPTY_BODY = YES;
				CLANG_WARN_ENUM_CONVERSION = YES;
				CLANG_WARN_INT_CONVERSION = YES;
				CLANG_WARN_OBJC_ROOT_CLASS = YES_ERROR;
				CLANG_WARN__DUPLICATE_METHOD_MATCH = YES;
				COPY_PHASE_STRIP = YES;
				DEBUG_INFORMATION_FORMAT = "dwarf-with-dsym";
				ENABLE_NS_ASSERTIONS = NO;
				GCC_C_LANGUAGE_STANDARD = gnu99;
				GCC_ENABLE_OBJC_EXCEPTIONS = YES;
				GCC_WARN_64_TO_32_BIT_CONVERSION = YES;
				GCC_WARN_ABOUT_RETURN_TYPE = YES_ERROR;
				GCC_WARN_UNDECLARED_SELECTOR = YES;
				GCC_WARN_UNINITIALIZED_AUTOS = YES_AGGRESSIVE;
				GCC_WARN_UNUSED_FUNCTION = YES;
				GCC_WARN_UNUSED_VARIABLE = YES;
				MACOSX_DEPLOYMENT_TARGET = 10.8;
				SDKROOT = macosx;
			};
			name = Release;
		};
		1464BB8F197C414B00C8311E /* Debug */ = {
			isa = XCBuildConfiguration;
			buildSettings = {
				DYLIB_COMPATIBILITY_VERSION = "";
				DYLIB_CURRENT_VERSION = "";
				EXECUTABLE_EXTENSION = d_fat;
				EXECUTABLE_PREFIX = "";
				MACH_O_TYPE = mh_dylib;
				OTHER_CFLAGS = "-DPD";
				OTHER_LDFLAGS = (
					"-undefined",
					dynamic_lookup,
					"-flat_namespace",
					"-dynamicib",
				);
				PRODUCT_NAME = mjRotation;
				USER_HEADER_SEARCH_PATHS = "/Users/MartinMini/Documents/mj/mjspiral/src/**";
				VALID_ARCHS = "i386 x86_64 ppc -arch -arch x86_64 -arch i386";
			};
			name = Debug;
		};
		1464BB90197C414B00C8311E /* Release */ = {
			isa = XCBuildConfiguration;
			buildSettings = {
				DYLIB_COMPATIBILITY_VERSION = "";
				DYLIB_CURRENT_VERSION = "";
				EXECUTABLE_EXTENSION = d_fat;
				EXECUTABLE_PREFIX = "";
				MACH_O_TYPE = mh_dylib;
				OTHER_CFLAGS = "-DPD";
				OTHER_LDFLAGS = (
					"-undefined",
					dynamic_lookup,
					"-flat_namespace",
					"-dynamicib",
				);
				PRODUCT_NAME = mjRotation;
				USER_HEADER_SEARCH_PATHS = "/Users/MartinMini/Documents/mj/mjspiral/src/**";
				VALID_ARCHS = "i386 x86_64 ppc -arch -arch x86_64 -arch i386";
			};
			name = Release;
		};
/* End XCBuildConfiguration section */

/* Begin XCConfigurationList section */
		1464BB85197C414B00C8311E /* Build configuration list for PBXProject "mjRotation" */ = {
			isa = XCConfigurationList;
			buildConfigurations = (
				1464BB8C197C414B00C8311E /* Debug */,
				1464BB8D197C414B00C8311E /* Release */,
			);
			defaultConfigurationIsVisible = 0;
			defaultConfigurationName = Release;
		};
		1464BB8E197C414B00C8311E /* Build configuration list for PBXNativeTarget "mjRotation" */ = {
			isa = XCConfigurationList;
			buildConfigurations = (
				1464BB8F197C414B00C8311E /* Debug */,
				1464BB90197C414B00C8311E /* Release */,
			);
			defaultConfigurationIsVisible = 0;
			defaultConfigurationName = Release;
		};
/* End XCConfigurationList section */
	};
	rootObject = 1464BB82197C414B00C8311E /* Project object */;
}
